// !$*UTF8*$!
{
	archiveVersion = 1;
	classes = {
	};
	objectVersion = 51;
	objects = {

/* Begin PBXBuildFile section */
		620023D371D55D50F696050E /* Pods_EventDetail.framework in Frameworks */ = {isa = PBXBuildFile; fileRef = 717C744347F7B5561B040A45 /* Pods_EventDetail.framework */; };
		CB3375D622E7EACB00F26D83 /* showCollectionViewCell.swift in Sources */ = {isa = PBXBuildFile; fileRef = CB3375D522E7EACB00F26D83 /* showCollectionViewCell.swift */; };
		CB789DC322ED60D400971F21 /* Page2ViewController.swift in Sources */ = {isa = PBXBuildFile; fileRef = CB789DC222ED60D400971F21 /* Page2ViewController.swift */; };
		CB789DC522ED60E300971F21 /* Page2CollectionViewCell.swift in Sources */ = {isa = PBXBuildFile; fileRef = CB789DC422ED60E300971F21 /* Page2CollectionViewCell.swift */; };
		CB789DC722ED95DD00971F21 /* ConfirmAlertDelegate.swift in Sources */ = {isa = PBXBuildFile; fileRef = CB789DC622ED95DD00971F21 /* ConfirmAlertDelegate.swift */; };
		CB789DC922ED95E700971F21 /* ConfirmAlertViewController.swift in Sources */ = {isa = PBXBuildFile; fileRef = CB789DC822ED95E700971F21 /* ConfirmAlertViewController.swift */; };
		CB8F018022F0482000649CB9 /* ResponseDetail.swift in Sources */ = {isa = PBXBuildFile; fileRef = CB8F017F22F0482000649CB9 /* ResponseDetail.swift */; };
		CB97BB1722E6077A0070ABCC /* images-2.jpeg in Resources */ = {isa = PBXBuildFile; fileRef = CB97BB1622E6077A0070ABCC /* images-2.jpeg */; };
		CBB8463922E5C7E700D04DA2 /* AppDelegate.swift in Sources */ = {isa = PBXBuildFile; fileRef = CBB8463822E5C7E700D04DA2 /* AppDelegate.swift */; };
		CBB8463B22E5C7E700D04DA2 /* ViewController.swift in Sources */ = {isa = PBXBuildFile; fileRef = CBB8463A22E5C7E700D04DA2 /* ViewController.swift */; };
		CBB8463E22E5C7E700D04DA2 /* Main.storyboard in Resources */ = {isa = PBXBuildFile; fileRef = CBB8463C22E5C7E700D04DA2 /* Main.storyboard */; };
		CBB8464022E5C7E800D04DA2 /* Assets.xcassets in Resources */ = {isa = PBXBuildFile; fileRef = CBB8463F22E5C7E800D04DA2 /* Assets.xcassets */; };
		CBB8464322E5C7E800D04DA2 /* LaunchScreen.storyboard in Resources */ = {isa = PBXBuildFile; fileRef = CBB8464122E5C7E800D04DA2 /* LaunchScreen.storyboard */; };
		CBD2A46A22EACF1900A09910 /* maps-and-flags.png in Resources */ = {isa = PBXBuildFile; fileRef = CBD2A46722EACF1900A09910 /* maps-and-flags.png */; };
		CBD2A46B22EACF1900A09910 /* maps-and-flags@2x.png in Resources */ = {isa = PBXBuildFile; fileRef = CBD2A46822EACF1900A09910 /* maps-and-flags@2x.png */; };
		CBD2A46C22EACF1900A09910 /* maps-and-flags@3x.png in Resources */ = {isa = PBXBuildFile; fileRef = CBD2A46922EACF1900A09910 /* maps-and-flags@3x.png */; };
		CBD2A46E22EACF2B00A09910 /* maps-and-flags-2.png in Resources */ = {isa = PBXBuildFile; fileRef = CBD2A46D22EACF2B00A09910 /* maps-and-flags-2.png */; };
/* End PBXBuildFile section */

/* Begin PBXFileReference section */
		41F9ED244AA7A44AFCFEA968 /* Pods-EventDetail.release.xcconfig */ = {isa = PBXFileReference; includeInIndex = 1; lastKnownFileType = text.xcconfig; name = "Pods-EventDetail.release.xcconfig"; path = "Target Support Files/Pods-EventDetail/Pods-EventDetail.release.xcconfig"; sourceTree = "<group>"; };
		717C744347F7B5561B040A45 /* Pods_EventDetail.framework */ = {isa = PBXFileReference; explicitFileType = wrapper.framework; includeInIndex = 0; path = Pods_EventDetail.framework; sourceTree = BUILT_PRODUCTS_DIR; };
		8FE41322F9B2DCE4AC71FF0D /* Pods-EventDetail.debug.xcconfig */ = {isa = PBXFileReference; includeInIndex = 1; lastKnownFileType = text.xcconfig; name = "Pods-EventDetail.debug.xcconfig"; path = "Target Support Files/Pods-EventDetail/Pods-EventDetail.debug.xcconfig"; sourceTree = "<group>"; };
		CB3375D522E7EACB00F26D83 /* showCollectionViewCell.swift */ = {isa = PBXFileReference; lastKnownFileType = sourcecode.swift; path = showCollectionViewCell.swift; sourceTree = "<group>"; };
		CB789DC222ED60D400971F21 /* Page2ViewController.swift */ = {isa = PBXFileReference; lastKnownFileType = sourcecode.swift; path = Page2ViewController.swift; sourceTree = "<group>"; };
		CB789DC422ED60E300971F21 /* Page2CollectionViewCell.swift */ = {isa = PBXFileReference; lastKnownFileType = sourcecode.swift; path = Page2CollectionViewCell.swift; sourceTree = "<group>"; };
		CB789DC622ED95DD00971F21 /* ConfirmAlertDelegate.swift */ = {isa = PBXFileReference; fileEncoding = 4; lastKnownFileType = sourcecode.swift; path = ConfirmAlertDelegate.swift; sourceTree = "<group>"; };
		CB789DC822ED95E700971F21 /* ConfirmAlertViewController.swift */ = {isa = PBXFileReference; fileEncoding = 4; lastKnownFileType = sourcecode.swift; path = ConfirmAlertViewController.swift; sourceTree = "<group>"; };
		CB8F017F22F0482000649CB9 /* ResponseDetail.swift */ = {isa = PBXFileReference; lastKnownFileType = sourcecode.swift; path = ResponseDetail.swift; sourceTree = "<group>"; };
		CB97BB1622E6077A0070ABCC /* images-2.jpeg */ = {isa = PBXFileReference; lastKnownFileType = image.jpeg; path = "images-2.jpeg"; sourceTree = "<group>"; };
		CBB8463522E5C7E700D04DA2 /* EventDetail.app */ = {isa = PBXFileReference; explicitFileType = wrapper.application; includeInIndex = 0; path = EventDetail.app; sourceTree = BUILT_PRODUCTS_DIR; };
		CBB8463822E5C7E700D04DA2 /* AppDelegate.swift */ = {isa = PBXFileReference; lastKnownFileType = sourcecode.swift; path = AppDelegate.swift; sourceTree = "<group>"; };
		CBB8463A22E5C7E700D04DA2 /* ViewController.swift */ = {isa = PBXFileReference; lastKnownFileType = sourcecode.swift; path = ViewController.swift; sourceTree = "<group>"; };
		CBB8463D22E5C7E700D04DA2 /* Base */ = {isa = PBXFileReference; lastKnownFileType = file.storyboard; name = Base; path = Base.lproj/Main.storyboard; sourceTree = "<group>"; };
		CBB8463F22E5C7E800D04DA2 /* Assets.xcassets */ = {isa = PBXFileReference; lastKnownFileType = folder.assetcatalog; path = Assets.xcassets; sourceTree = "<group>"; };
		CBB8464222E5C7E800D04DA2 /* Base */ = {isa = PBXFileReference; lastKnownFileType = file.storyboard; name = Base; path = Base.lproj/LaunchScreen.storyboard; sourceTree = "<group>"; };
		CBB8464422E5C7E800D04DA2 /* Info.plist */ = {isa = PBXFileReference; lastKnownFileType = text.plist.xml; path = Info.plist; sourceTree = "<group>"; };
		CBD2A46722EACF1900A09910 /* maps-and-flags.png */ = {isa = PBXFileReference; lastKnownFileType = image.png; path = "maps-and-flags.png"; sourceTree = "<group>"; };
		CBD2A46822EACF1900A09910 /* maps-and-flags@2x.png */ = {isa = PBXFileReference; lastKnownFileType = image.png; path = "maps-and-flags@2x.png"; sourceTree = "<group>"; };
		CBD2A46922EACF1900A09910 /* maps-and-flags@3x.png */ = {isa = PBXFileReference; lastKnownFileType = image.png; path = "maps-and-flags@3x.png"; sourceTree = "<group>"; };
		CBD2A46D22EACF2B00A09910 /* maps-and-flags-2.png */ = {isa = PBXFileReference; lastKnownFileType = image.png; path = "maps-and-flags-2.png"; sourceTree = "<group>"; };
/* End PBXFileReference section */

/* Begin PBXFrameworksBuildPhase section */
		CBB8463222E5C7E700D04DA2 /* Frameworks */ = {
			isa = PBXFrameworksBuildPhase;
			buildActionMask = 2147483647;
			files = (
				620023D371D55D50F696050E /* Pods_EventDetail.framework in Frameworks */,
			);
			runOnlyForDeploymentPostprocessing = 0;
		};
/* End PBXFrameworksBuildPhase section */

/* Begin PBXGroup section */
		ABC07DB9DA3A3A8DCFBBA941 /* Pods */ = {
			isa = PBXGroup;
			children = (
				8FE41322F9B2DCE4AC71FF0D /* Pods-EventDetail.debug.xcconfig */,
				41F9ED244AA7A44AFCFEA968 /* Pods-EventDetail.release.xcconfig */,
			);
			path = Pods;
			sourceTree = "<group>";
		};
		C5BB9F38E056C5BC12F09B8A /* Frameworks */ = {
			isa = PBXGroup;
			children = (
				717C744347F7B5561B040A45 /* Pods_EventDetail.framework */,
			);
			name = Frameworks;
			sourceTree = "<group>";
		};
		CB97BB1522E6076E0070ABCC /* img */ = {
			isa = PBXGroup;
			children = (
				CBD2A46D22EACF2B00A09910 /* maps-and-flags-2.png */,
				CBD2A46722EACF1900A09910 /* maps-and-flags.png */,
				CBD2A46822EACF1900A09910 /* maps-and-flags@2x.png */,
				CBD2A46922EACF1900A09910 /* maps-and-flags@3x.png */,
				CB97BB1622E6077A0070ABCC /* images-2.jpeg */,
			);
			path = img;
			sourceTree = "<group>";
		};
		CBB8462C22E5C7E700D04DA2 = {
			isa = PBXGroup;
			children = (
				CBB8463722E5C7E700D04DA2 /* EventDetail */,
				CBB8463622E5C7E700D04DA2 /* Products */,
				ABC07DB9DA3A3A8DCFBBA941 /* Pods */,
				C5BB9F38E056C5BC12F09B8A /* Frameworks */,
			);
			sourceTree = "<group>";
		};
		CBB8463622E5C7E700D04DA2 /* Products */ = {
			isa = PBXGroup;
			children = (
				CBB8463522E5C7E700D04DA2 /* EventDetail.app */,
			);
			name = Products;
			sourceTree = "<group>";
		};
		CBB8463722E5C7E700D04DA2 /* EventDetail */ = {
			isa = PBXGroup;
			children = (
				CB97BB1522E6076E0070ABCC /* img */,
				CBB8463822E5C7E700D04DA2 /* AppDelegate.swift */,
				CBB8463A22E5C7E700D04DA2 /* ViewController.swift */,
				CBB8463C22E5C7E700D04DA2 /* Main.storyboard */,
				CBB8463F22E5C7E800D04DA2 /* Assets.xcassets */,
				CBB8464122E5C7E800D04DA2 /* LaunchScreen.storyboard */,
				CBB8464422E5C7E800D04DA2 /* Info.plist */,
				CB3375D522E7EACB00F26D83 /* showCollectionViewCell.swift */,
				CB789DC222ED60D400971F21 /* Page2ViewController.swift */,
				CB789DC422ED60E300971F21 /* Page2CollectionViewCell.swift */,
				CB789DC822ED95E700971F21 /* ConfirmAlertViewController.swift */,
				CB789DC622ED95DD00971F21 /* ConfirmAlertDelegate.swift */,
				CB8F017F22F0482000649CB9 /* ResponseDetail.swift */,
			);
			path = EventDetail;
			sourceTree = "<group>";
		};
/* End PBXGroup section */

/* Begin PBXNativeTarget section */
		CBB8463422E5C7E700D04DA2 /* EventDetail */ = {
			isa = PBXNativeTarget;
			buildConfigurationList = CBB8464722E5C7E800D04DA2 /* Build configuration list for PBXNativeTarget "EventDetail" */;
			buildPhases = (
				9728FBE2E18612AFF635D792 /* [CP] Check Pods Manifest.lock */,
				CBB8463122E5C7E700D04DA2 /* Sources */,
				CBB8463222E5C7E700D04DA2 /* Frameworks */,
				CBB8463322E5C7E700D04DA2 /* Resources */,
				DA1D341E4191D9FB1C5D09BD /* [CP] Embed Pods Frameworks */,
			);
			buildRules = (
			);
			dependencies = (
			);
			name = EventDetail;
			productName = EventDetail;
			productReference = CBB8463522E5C7E700D04DA2 /* EventDetail.app */;
			productType = "com.apple.product-type.application";
		};
/* End PBXNativeTarget section */

/* Begin PBXProject section */
		CBB8462D22E5C7E700D04DA2 /* Project object */ = {
			isa = PBXProject;
			attributes = {
				LastSwiftUpdateCheck = 1020;
				LastUpgradeCheck = 1020;
				ORGANIZATIONNAME = OnceKB;
				TargetAttributes = {
					CBB8463422E5C7E700D04DA2 = {
						CreatedOnToolsVersion = 10.2.1;
					};
				};
			};
			buildConfigurationList = CBB8463022E5C7E700D04DA2 /* Build configuration list for PBXProject "EventDetail" */;
			compatibilityVersion = "Xcode 9.3";
			developmentRegion = en;
			hasScannedForEncodings = 0;
			knownRegions = (
				en,
				Base,
			);
			mainGroup = CBB8462C22E5C7E700D04DA2;
			productRefGroup = CBB8463622E5C7E700D04DA2 /* Products */;
			projectDirPath = "";
			projectRoot = "";
			targets = (
				CBB8463422E5C7E700D04DA2 /* EventDetail */,
			);
		};
/* End PBXProject section */

/* Begin PBXResourcesBuildPhase section */
		CBB8463322E5C7E700D04DA2 /* Resources */ = {
			isa = PBXResourcesBuildPhase;
			buildActionMask = 2147483647;
			files = (
				CBB8464322E5C7E800D04DA2 /* LaunchScreen.storyboard in Resources */,
				CBD2A46E22EACF2B00A09910 /* maps-and-flags-2.png in Resources */,
				CBB8464022E5C7E800D04DA2 /* Assets.xcassets in Resources */,
				CB97BB1722E6077A0070ABCC /* images-2.jpeg in Resources */,
				CBD2A46A22EACF1900A09910 /* maps-and-flags.png in Resources */,
				CBB8463E22E5C7E700D04DA2 /* Main.storyboard in Resources */,
				CBD2A46B22EACF1900A09910 /* maps-and-flags@2x.png in Resources */,
				CBD2A46C22EACF1900A09910 /* maps-and-flags@3x.png in Resources */,
			);
			runOnlyForDeploymentPostprocessing = 0;
		};
/* End PBXResourcesBuildPhase section */

/* Begin PBXShellScriptBuildPhase section */
		9728FBE2E18612AFF635D792 /* [CP] Check Pods Manifest.lock */ = {
			isa = PBXShellScriptBuildPhase;
			buildActionMask = 2147483647;
			files = (
			);
			inputFileListPaths = (
			);
			inputPaths = (
				"${PODS_PODFILE_DIR_PATH}/Podfile.lock",
				"${PODS_ROOT}/Manifest.lock",
			);
			name = "[CP] Check Pods Manifest.lock";
			outputFileListPaths = (
			);
			outputPaths = (
				"$(DERIVED_FILE_DIR)/Pods-EventDetail-checkManifestLockResult.txt",
			);
			runOnlyForDeploymentPostprocessing = 0;
			shellPath = /bin/sh;
			shellScript = "diff \"${PODS_PODFILE_DIR_PATH}/Podfile.lock\" \"${PODS_ROOT}/Manifest.lock\" > /dev/null\nif [ $? != 0 ] ; then\n    # print error to STDERR\n    echo \"error: The sandbox is not in sync with the Podfile.lock. Run 'pod install' or update your CocoaPods installation.\" >&2\n    exit 1\nfi\n# This output is used by Xcode 'outputs' to avoid re-running this script phase.\necho \"SUCCESS\" > \"${SCRIPT_OUTPUT_FILE_0}\"\n";
			showEnvVarsInLog = 0;
		};
		DA1D341E4191D9FB1C5D09BD /* [CP] Embed Pods Frameworks */ = {
			isa = PBXShellScriptBuildPhase;
			buildActionMask = 2147483647;
			files = (
			);
			inputFileListPaths = (
				"${PODS_ROOT}/Target Support Files/Pods-EventDetail/Pods-EventDetail-frameworks-${CONFIGURATION}-input-files.xcfilelist",
			);
			name = "[CP] Embed Pods Frameworks";
			outputFileListPaths = (
				"${PODS_ROOT}/Target Support Files/Pods-EventDetail/Pods-EventDetail-frameworks-${CONFIGURATION}-output-files.xcfilelist",
			);
			runOnlyForDeploymentPostprocessing = 0;
			shellPath = /bin/sh;
			shellScript = "\"${PODS_ROOT}/Target Support Files/Pods-EventDetail/Pods-EventDetail-frameworks.sh\"\n";
			showEnvVarsInLog = 0;
		};
/* End PBXShellScriptBuildPhase section */

/* Begin PBXSourcesBuildPhase section */
		CBB8463122E5C7E700D04DA2 /* Sources */ = {
			isa = PBXSourcesBuildPhase;
			buildActionMask = 2147483647;
			files = (
				CB789DC722ED95DD00971F21 /* ConfirmAlertDelegate.swift in Sources */,
				CB8F018022F0482000649CB9 /* ResponseDetail.swift in Sources */,
				CBB8463B22E5C7E700D04DA2 /* ViewController.swift in Sources */,
				CB789DC922ED95E700971F21 /* ConfirmAlertViewController.swift in Sources */,
				CBB8463922E5C7E700D04DA2 /* AppDelegate.swift in Sources */,
				CB789DC322ED60D400971F21 /* Page2ViewController.swift in Sources */,
				CB789DC522ED60E300971F21 /* Page2CollectionViewCell.swift in Sources */,
				CB3375D622E7EACB00F26D83 /* showCollectionViewCell.swift in Sources */,
			);
			runOnlyForDeploymentPostprocessing = 0;
		};
/* End PBXSourcesBuildPhase section */

/* Begin PBXVariantGroup section */
		CBB8463C22E5C7E700D04DA2 /* Main.storyboard */ = {
			isa = PBXVariantGroup;
			children = (
				CBB8463D22E5C7E700D04DA2 /* Base */,
			);
			name = Main.storyboard;
			sourceTree = "<group>";
		};
		CBB8464122E5C7E800D04DA2 /* LaunchScreen.storyboard */ = {
			isa = PBXVariantGroup;
			children = (
				CBB8464222E5C7E800D04DA2 /* Base */,
			);
			name = LaunchScreen.storyboard;
			sourceTree = "<group>";
		};
/* End PBXVariantGroup section */

/* Begin XCBuildConfiguration section */
		CBB8464522E5C7E800D04DA2 /* Debug */ = {
			isa = XCBuildConfiguration;
			buildSettings = {
				ALWAYS_SEARCH_USER_PATHS = NO;
				CLANG_ANALYZER_NONNULL = YES;
				CLANG_ANALYZER_NUMBER_OBJECT_CONVERSION = YES_AGGRESSIVE;
				CLANG_CXX_LANGUAGE_STANDARD = "gnu++14";
				CLANG_CXX_LIBRARY = "libc++";
				CLANG_ENABLE_MODULES = YES;
				CLANG_ENABLE_OBJC_ARC = YES;
				CLANG_ENABLE_OBJC_WEAK = YES;
				CLANG_WARN_BLOCK_CAPTURE_AUTORELEASING = YES;
				CLANG_WARN_BOOL_CONVERSION = YES;
				CLANG_WARN_COMMA = YES;
				CLANG_WARN_CONSTANT_CONVERSION = YES;
				CLANG_WARN_DEPRECATED_OBJC_IMPLEMENTATIONS = YES;
				CLANG_WARN_DIRECT_OBJC_ISA_USAGE = YES_ERROR;
				CLANG_WARN_DOCUMENTATION_COMMENTS = YES;
				CLANG_WARN_EMPTY_BODY = YES;
				CLANG_WARN_ENUM_CONVERSION = YES;
				CLANG_WARN_INFINITE_RECURSION = YES;
				CLANG_WARN_INT_CONVERSION = YES;
				CLANG_WARN_NON_LITERAL_NULL_CONVERSION = YES;
				CLANG_WARN_OBJC_IMPLICIT_RETAIN_SELF = YES;
				CLANG_WARN_OBJC_LITERAL_CONVERSION = YES;
				CLANG_WARN_OBJC_ROOT_CLASS = YES_ERROR;
				CLANG_WARN_RANGE_LOOP_ANALYSIS = YES;
				CLANG_WARN_STRICT_PROTOTYPES = YES;
				CLANG_WARN_SUSPICIOUS_MOVE = YES;
				CLANG_WARN_UNGUARDED_AVAILABILITY = YES_AGGRESSIVE;
				CLANG_WARN_UNREACHABLE_CODE = YES;
				CLANG_WARN__DUPLICATE_METHOD_MATCH = YES;
				CODE_SIGN_IDENTITY = "iPhone Developer";
				COPY_PHASE_STRIP = NO;
				DEBUG_INFORMATION_FORMAT = dwarf;
				ENABLE_STRICT_OBJC_MSGSEND = YES;
				ENABLE_TESTABILITY = YES;
				GCC_C_LANGUAGE_STANDARD = gnu11;
				GCC_DYNAMIC_NO_PIC = NO;
				GCC_NO_COMMON_BLOCKS = YES;
				GCC_OPTIMIZATION_LEVEL = 0;
				GCC_PREPROCESSOR_DEFINITIONS = (
					"DEBUG=1",
					"$(inherited)",
				);
				GCC_WARN_64_TO_32_BIT_CONVERSION = YES;
				GCC_WARN_ABOUT_RETURN_TYPE = YES_ERROR;
				GCC_WARN_UNDECLARED_SELECTOR = YES;
				GCC_WARN_UNINITIALIZED_AUTOS = YES_AGGRESSIVE;
				GCC_WARN_UNUSED_FUNCTION = YES;
				GCC_WARN_UNUSED_VARIABLE = YES;
				IPHONEOS_DEPLOYMENT_TARGET = 12.2;
				MTL_ENABLE_DEBUG_INFO = INCLUDE_SOURCE;
				MTL_FAST_MATH = YES;
				ONLY_ACTIVE_ARCH = YES;
				SDKROOT = iphoneos;
				SWIFT_ACTIVE_COMPILATION_CONDITIONS = DEBUG;
				SWIFT_OPTIMIZATION_LEVEL = "-Onone";
			};
			name = Debug;
		};
		CBB8464622E5C7E800D04DA2 /* Release */ = {
			isa = XCBuildConfiguration;
			buildSettings = {
				ALWAYS_SEARCH_USER_PATHS = NO;
				CLANG_ANALYZER_NONNULL = YES;
				CLANG_ANALYZER_NUMBER_OBJECT_CONVERSION = YES_AGGRESSIVE;
				CLANG_CXX_LANGUAGE_STANDARD = "gnu++14";
				CLANG_CXX_LIBRARY = "libc++";
				CLANG_ENABLE_MODULES = YES;
				CLANG_ENABLE_OBJC_ARC = YES;
				CLANG_ENABLE_OBJC_WEAK = YES;
				CLANG_WARN_BLOCK_CAPTURE_AUTORELEASING = YES;
				CLANG_WARN_BOOL_CONVERSION = YES;
				CLANG_WARN_COMMA = YES;
				CLANG_WARN_CONSTANT_CONVERSION = YES;
				CLANG_WARN_DEPRECATED_OBJC_IMPLEMENTATIONS = YES;
				CLANG_WARN_DIRECT_OBJC_ISA_USAGE = YES_ERROR;
				CLANG_WARN_DOCUMENTATION_COMMENTS = YES;
				CLANG_WARN_EMPTY_BODY = YES;
				CLANG_WARN_ENUM_CONVERSION = YES;
				CLANG_WARN_INFINITE_RECURSION = YES;
				CLANG_WARN_INT_CONVERSION = YES;
				CLANG_WARN_NON_LITERAL_NULL_CONVERSION = YES;
				CLANG_WARN_OBJC_IMPLICIT_RETAIN_SELF = YES;
				CLANG_WARN_OBJC_LITERAL_CONVERSION = YES;
				CLANG_WARN_OBJC_ROOT_CLASS = YES_ERROR;
				CLANG_WARN_RANGE_LOOP_ANALYSIS = YES;
				CLANG_WARN_STRICT_PROTOTYPES = YES;
				CLANG_WARN_SUSPICIOUS_MOVE = YES;
				CLANG_WARN_UNGUARDED_AVAILABILITY = YES_AGGRESSIVE;
				CLANG_WARN_UNREACHABLE_CODE = YES;
				CLANG_WARN__DUPLICATE_METHOD_MATCH = YES;
				CODE_SIGN_IDENTITY = "iPhone Developer";
				COPY_PHASE_STRIP = NO;
				DEBUG_INFORMATION_FORMAT = "dwarf-with-dsym";
				ENABLE_NS_ASSERTIONS = NO;
				ENABLE_STRICT_OBJC_MSGSEND = YES;
				GCC_C_LANGUAGE_STANDARD = gnu11;
				GCC_NO_COMMON_BLOCKS = YES;
				GCC_WARN_64_TO_32_BIT_CONVERSION = YES;
				GCC_WARN_ABOUT_RETURN_TYPE = YES_ERROR;
				GCC_WARN_UNDECLARED_SELECTOR = YES;
				GCC_WARN_UNINITIALIZED_AUTOS = YES_AGGRESSIVE;
				GCC_WARN_UNUSED_FUNCTION = YES;
				GCC_WARN_UNUSED_VARIABLE = YES;
				IPHONEOS_DEPLOYMENT_TARGET = 12.2;
				MTL_ENABLE_DEBUG_INFO = NO;
				MTL_FAST_MATH = YES;
				SDKROOT = iphoneos;
				SWIFT_COMPILATION_MODE = wholemodule;
				SWIFT_OPTIMIZATION_LEVEL = "-O";
				VALIDATE_PRODUCT = YES;
			};
			name = Release;
		};
		CBB8464822E5C7E800D04DA2 /* Debug */ = {
			isa = XCBuildConfiguration;
			baseConfigurationReference = 8FE41322F9B2DCE4AC71FF0D /* Pods-EventDetail.debug.xcconfig */;
			buildSettings = {
				ASSETCATALOG_COMPILER_APPICON_NAME = AppIcon;
				CODE_SIGN_STYLE = Automatic;
				INFOPLIST_FILE = EventDetail/Info.plist;
				LD_RUNPATH_SEARCH_PATHS = (
					"$(inherited)",
					"@executable_path/Frameworks",
				);
				PRODUCT_BUNDLE_IDENTIFIER = com.scb.ios.advanced.EventDetail;
				PRODUCT_NAME = "$(TARGET_NAME)";
				SWIFT_VERSION = 5.0;
				TARGETED_DEVICE_FAMILY = "1,2";
			};
			name = Debug;
		};
		CBB8464922E5C7E800D04DA2 /* Release */ = {
			isa = XCBuildConfiguration;
			baseConfigurationReference = 41F9ED244AA7A44AFCFEA968 /* Pods-EventDetail.release.xcconfig */;
			buildSettings = {
				ASSETCATALOG_COMPILER_APPICON_NAME = AppIcon;
				CODE_SIGN_STYLE = Automatic;
				INFOPLIST_FILE = EventDetail/Info.plist;
				LD_RUNPATH_SEARCH_PATHS = (
					"$(inherited)",
					"@executable_path/Frameworks",
				);
				PRODUCT_BUNDLE_IDENTIFIER = com.scb.ios.advanced.EventDetail;
				PRODUCT_NAME = "$(TARGET_NAME)";
				SWIFT_VERSION = 5.0;
				TARGETED_DEVICE_FAMILY = "1,2";
			};
			name = Release;
		};
/* End XCBuildConfiguration section */

/* Begin XCConfigurationList section */
		CBB8463022E5C7E700D04DA2 /* Build configuration list for PBXProject "EventDetail" */ = {
			isa = XCConfigurationList;
			buildConfigurations = (
				CBB8464522E5C7E800D04DA2 /* Debug */,
				CBB8464622E5C7E800D04DA2 /* Release */,
			);
			defaultConfigurationIsVisible = 0;
			defaultConfigurationName = Release;
		};
		CBB8464722E5C7E800D04DA2 /* Build configuration list for PBXNativeTarget "EventDetail" */ = {
			isa = XCConfigurationList;
			buildConfigurations = (
				CBB8464822E5C7E800D04DA2 /* Debug */,
				CBB8464922E5C7E800D04DA2 /* Release */,
			);
			defaultConfigurationIsVisible = 0;
			defaultConfigurationName = Release;
		};
/* End XCConfigurationList section */
	};
	rootObject = CBB8462D22E5C7E700D04DA2 /* Project object */;
}
